
Microsoft Visual Studio Solution File, Format Version 12.00
# Visual Studio Version 17
VisualStudioVersion = 17.5.33424.131
MinimumVisualStudioVersion = 10.0.40219.1
Project("{FAE04EC0-301F-11D3-BF4B-00C04F79EFBC}") = "Aviacompany_Amomic", "Aviacompany_Amomic\Aviacompany_Amomic.csproj", "{763928F1-B204-402C-9276-C72FFEBBC1D9}"
EndProject
Global
	GlobalSection(SolutionConfigurationPlatforms) = preSolution
		Debug|Any CPU = Debug|Any CPU
		Release|Any CPU = Release|Any CPU
	EndGlobalSection
	GlobalSection(ProjectConfigurationPlatforms) = postSolution
		{763928F1-B204-402C-9276-C72FFEBBC1D9}.Debug|Any CPU.ActiveCfg = Debug|Any CPU
		{763928F1-B204-402C-9276-C72FFEBBC1D9}.Debug|Any CPU.Build.0 = Debug|Any CPU
		{763928F1-B204-402C-9276-C72FFEBBC1D9}.Release|Any CPU.ActiveCfg = Release|Any CPU
		{763928F1-B204-402C-9276-C72FFEBBC1D9}.Release|Any CPU.Build.0 = Release|Any CPU
	EndGlobalSection
	GlobalSection(SolutionProperties) = preSolution
		HideSolutionNode = FALSE
	EndGlobalSection
	GlobalSection(ExtensibilityGlobals) = postSolution
		SolutionGuid = {6B748A43-7378-446E-999E-318B28FFEC05}
	EndGlobalSection
EndGlobal
